
Microsoft Visual Studio Solution File, Format Version 12.00
# Visual Studio Version 17
VisualStudioVersion = 17.4.33403.182
MinimumVisualStudioVersion = 10.0.40219.1
Project("{2150E333-8FDC-42A3-9474-1A3956D46DE8}") = "src", "src", "{3B391B8B-DBC4-42E7-B886-B2C8B749A4DE}"
EndProject
Project("{9A19103F-16F7-4668-BE54-9A1E7A4F7556}") = "Nebula", "src\Nebula\Nebula.csproj", "{F2CF4F21-A6BB-475A-950F-1694A09B45B1}"
EndProject
Project("{FAE04EC0-301F-11D3-BF4B-00C04F79EFBC}") = "Testings", "src\Testings\Testings.csproj", "{5486526C-24B9-4706-B03A-29980E1409C3}"
EndProject
Global
	GlobalSection(SolutionConfigurationPlatforms) = preSolution
		Debug|Any CPU = Debug|Any CPU
		Release|Any CPU = Release|Any CPU
	EndGlobalSection
	GlobalSection(ProjectConfigurationPlatforms) = postSolution
		{F2CF4F21-A6BB-475A-950F-1694A09B45B1}.Debug|Any CPU.ActiveCfg = Debug|Any CPU
		{F2CF4F21-A6BB-475A-950F-1694A09B45B1}.Debug|Any CPU.Build.0 = Debug|Any CPU
		{F2CF4F21-A6BB-475A-950F-1694A09B45B1}.Release|Any CPU.ActiveCfg = Release|Any CPU
		{F2CF4F21-A6BB-475A-950F-1694A09B45B1}.Release|Any CPU.Build.0 = Release|Any CPU
		{5486526C-24B9-4706-B03A-29980E1409C3}.Debug|Any CPU.ActiveCfg = Debug|Any CPU
		{5486526C-24B9-4706-B03A-29980E1409C3}.Debug|Any CPU.Build.0 = Debug|Any CPU
		{5486526C-24B9-4706-B03A-29980E1409C3}.Release|Any CPU.ActiveCfg = Release|Any CPU
		{5486526C-24B9-4706-B03A-29980E1409C3}.Release|Any CPU.Build.0 = Release|Any CPU
	EndGlobalSection
	GlobalSection(SolutionProperties) = preSolution
		HideSolutionNode = FALSE
	EndGlobalSection
	GlobalSection(NestedProjects) = preSolution
		{F2CF4F21-A6BB-475A-950F-1694A09B45B1} = {3B391B8B-DBC4-42E7-B886-B2C8B749A4DE}
		{5486526C-24B9-4706-B03A-29980E1409C3} = {3B391B8B-DBC4-42E7-B886-B2C8B749A4DE}
	EndGlobalSection
	GlobalSection(ExtensibilityGlobals) = postSolution
		SolutionGuid = {669705FA-27FE-4242-9794-2EFE074EAFB8}
	EndGlobalSection
EndGlobal
